<?xml version="1.0" encoding="utf-8"?>
<Project ToolsVersion="4.0" xmlns="http://schemas.microsoft.com/developer/msbuild/2003">
  <ItemGroup>
    <ClCompile Include="pch.cpp" />
    <ClCompile Include="Vector3Tests.cpp">
      <Filter>MathTests</Filter>
    </ClCompile>
    <ClCompile Include="TrigonometryTests.cpp">
      <Filter>MathTests</Filter>
    </ClCompile>
    <ClCompile Include="GeneralTests.cpp">
      <Filter>MathTests</Filter>
    </ClCompile>
    <ClCompile Include="AssetImportTests.cpp">
      <Filter>PipeLineTests</Filter>
    </ClCompile>
    <ClCompile Include="Vector4Tests.cpp">
      <Filter>MathTests</Filter>
    </ClCompile>
  </ItemGroup>
  <ItemGroup>
    <ClInclude Include="pch.h" />
  </ItemGroup>
  <ItemGroup>
    <None Include="packages.config" />
  </ItemGroup>
  <ItemGroup>
    <Filter Include="MathTests">
      <UniqueIdentifier>{840dc57f-aa49-4d7f-b56a-9c6e7507d7f0}</UniqueIdentifier>
    </Filter>
    <Filter Include="PipeLineTests">
      <UniqueIdentifier>{e3889730-1f00-4e0d-a470-9847ce9a48d5}</UniqueIdentifier>
    </Filter>
  </ItemGroup>
</Project>