<?xml version="1.0" encoding="utf-8"?>
<Project ToolsVersion="15.0" xmlns="http://schemas.microsoft.com/developer/msbuild/2003">
  <ItemGroup>
    <Filter Include="Resource Files">
      <UniqueIdentifier>{67DA6AB6-F800-4c08-8B7A-83BB121AAD01}</UniqueIdentifier>
      <Extensions>rc;ico;cur;bmp;dlg;rc2;rct;bin;rgs;gif;jpg;jpeg;jpe;resx;tga;tiff;tif;png;wav;mfcribbon-ms</Extensions>
    </Filter>
    <Filter Include="Math">
      <UniqueIdentifier>{97a712c3-0a8d-4d82-b042-9b8950c7a1eb}</UniqueIdentifier>
    </Filter>
    <Filter Include="Math\Headers">
      <UniqueIdentifier>{f57edc90-052c-43d8-8887-e63fbfa0af00}</UniqueIdentifier>
    </Filter>
  </ItemGroup>
  <ItemGroup>
    <ClCompile Include="mathing.cpp" />
    <ClCompile Include="pch.cpp" />
    <ClCompile Include="Math\Trig.cpp">
      <Filter>Math</Filter>
    </ClCompile>
    <ClCompile Include="Math\general.cpp">
      <Filter>Math</Filter>
    </ClCompile>
    <ClCompile Include="Math\Matrix3.cpp" />
    <ClCompile Include="Math\Matrix4.cpp" />
    <ClCompile Include="Math\Vector2.cpp" />
    <ClCompile Include="Geometry\Mesh\Mesh.cpp" />
    <ClCompile Include="PipeLine\MeshImport\AssetImporting.cpp" />
    <ClCompile Include="PipeLine\MeshImport\MeshImporter.cpp" />
    <ClCompile Include="PipeLine\MeshImport\ObjMeshImporter.cpp" />
    <ClCompile Include="Math\Vector3.cpp" />
    <ClCompile Include="Math\Vector4.cpp" />
    <ClCompile Include="Math\Quaternion.cpp" />
  </ItemGroup>
  <ItemGroup>
    <ClInclude Include="mathing.h" />
    <ClInclude Include="pch.h" />
    <ClInclude Include="targetver.h" />
    <ClInclude Include="Math\general.h" />
    <ClInclude Include="Math\trig.h" />
    <ClInclude Include="Math\Matrix3.h" />
    <ClInclude Include="Math\Matrix4.h" />
    <ClInclude Include="Math\Vector2.h" />
    <ClInclude Include="Geometry\Mesh\Mesh.h" />
    <ClInclude Include="PipeLine\MeshImport\AssetImporting.h" />
    <ClInclude Include="PipeLine\MeshImport\MeshImporter.h" />
    <ClInclude Include="PipeLine\MeshImport\ObjMeshImporter.h" />
    <ClInclude Include="Math\Vector3.h" />
    <ClInclude Include="Math\Vector4.h" />
    <ClInclude Include="..\..\..\..\..\Downloads\json.hpp" />
    <ClInclude Include="Math\Quaternion.h" />
  </ItemGroup>
</Project>